
Microsoft Visual Studio Solution File, Format Version 12.00
# Visual Studio Version 17
VisualStudioVersion = 17.0.31903.59
MinimumVisualStudioVersion = 10.0.40219.1
Project("{FAE04EC0-301F-11D3-BF4B-00C04F79EFBC}") = "Cine.Core", "Cine.Core\Cine.Core.csproj", "{BE31E8D6-DC1E-42D1-A9E4-442BF6213AF4}"
EndProject
Project("{FAE04EC0-301F-11D3-BF4B-00C04F79EFBC}") = "Cine.AdoMySQL", "Cine.AdoMySQL\Cine.AdoMySQL.csproj", "{87539187-8FB1-4658-8DFA-667193E44D2C}"
EndProject
Project("{FAE04EC0-301F-11D3-BF4B-00C04F79EFBC}") = "GeneroTest", "GeneroTest\GeneroTest.csproj", "{FD3D708F-256C-44EA-A275-6C1F361D58A6}"
EndProject
Global
	GlobalSection(SolutionConfigurationPlatforms) = preSolution
		Debug|Any CPU = Debug|Any CPU
		Release|Any CPU = Release|Any CPU
	EndGlobalSection
	GlobalSection(SolutionProperties) = preSolution
		HideSolutionNode = FALSE
	EndGlobalSection
	GlobalSection(ProjectConfigurationPlatforms) = postSolution
		{BE31E8D6-DC1E-42D1-A9E4-442BF6213AF4}.Debug|Any CPU.ActiveCfg = Debug|Any CPU
		{BE31E8D6-DC1E-42D1-A9E4-442BF6213AF4}.Debug|Any CPU.Build.0 = Debug|Any CPU
		{BE31E8D6-DC1E-42D1-A9E4-442BF6213AF4}.Release|Any CPU.ActiveCfg = Release|Any CPU
		{BE31E8D6-DC1E-42D1-A9E4-442BF6213AF4}.Release|Any CPU.Build.0 = Release|Any CPU
		{87539187-8FB1-4658-8DFA-667193E44D2C}.Debug|Any CPU.ActiveCfg = Debug|Any CPU
		{87539187-8FB1-4658-8DFA-667193E44D2C}.Debug|Any CPU.Build.0 = Debug|Any CPU
		{87539187-8FB1-4658-8DFA-667193E44D2C}.Release|Any CPU.ActiveCfg = Release|Any CPU
		{87539187-8FB1-4658-8DFA-667193E44D2C}.Release|Any CPU.Build.0 = Release|Any CPU
		{FD3D708F-256C-44EA-A275-6C1F361D58A6}.Debug|Any CPU.ActiveCfg = Debug|Any CPU
		{FD3D708F-256C-44EA-A275-6C1F361D58A6}.Debug|Any CPU.Build.0 = Debug|Any CPU
		{FD3D708F-256C-44EA-A275-6C1F361D58A6}.Release|Any CPU.ActiveCfg = Release|Any CPU
		{FD3D708F-256C-44EA-A275-6C1F361D58A6}.Release|Any CPU.Build.0 = Release|Any CPU
	EndGlobalSection
EndGlobal
